
Microsoft Visual Studio Solution File, Format Version 12.00
# Visual Studio Version 17
VisualStudioVersion = 17.7.34031.279
MinimumVisualStudioVersion = 10.0.40219.1
Project("{FAE04EC0-301F-11D3-BF4B-00C04F79EFBC}") = "gorsel_pro2", "gorsel_pro2\gorsel_pro2.csproj", "{D7D05551-752A-4189-AB39-622650B3E45E}"
EndProject
Global
	GlobalSection(SolutionConfigurationPlatforms) = preSolution
		Debug|Any CPU = Debug|Any CPU
		Release|Any CPU = Release|Any CPU
	EndGlobalSection
	GlobalSection(ProjectConfigurationPlatforms) = postSolution
		{D7D05551-752A-4189-AB39-622650B3E45E}.Debug|Any CPU.ActiveCfg = Debug|Any CPU
		{D7D05551-752A-4189-AB39-622650B3E45E}.Debug|Any CPU.Build.0 = Debug|Any CPU
		{D7D05551-752A-4189-AB39-622650B3E45E}.Release|Any CPU.ActiveCfg = Release|Any CPU
		{D7D05551-752A-4189-AB39-622650B3E45E}.Release|Any CPU.Build.0 = Release|Any CPU
	EndGlobalSection
	GlobalSection(SolutionProperties) = preSolution
		HideSolutionNode = FALSE
	EndGlobalSection
	GlobalSection(ExtensibilityGlobals) = postSolution
		SolutionGuid = {C6619EB5-C62C-4EBF-9A75-36DAEFEA9225}
	EndGlobalSection
EndGlobal
